
Microsoft Visual Studio Solution File, Format Version 11.00
# Visual Studio 2010
Project("{FAE04EC0-301F-11D3-BF4B-00C04F79EFBC}") = "Assembly-CSharp", "Assembly-CSharp.csproj", "{d93ff447-0c0a-82a0-a75d-be93a7c18343}"
EndProject
Project("{FAE04EC0-301F-11D3-BF4B-00C04F79EFBC}") = "Febucci.TextAnimator.Runtime", "Febucci.TextAnimator.Runtime.csproj", "{336deec0-765a-e416-56a9-1fffb5e0eab1}"
EndProject
Project("{FAE04EC0-301F-11D3-BF4B-00C04F79EFBC}") = "Febucci.TextAnimator.Editor", "Febucci.TextAnimator.Editor.csproj", "{15f9074b-ad9d-03d0-a86b-6d506427b7c5}"
EndProject
Project("{FAE04EC0-301F-11D3-BF4B-00C04F79EFBC}") = "Assembly-CSharp-Editor", "Assembly-CSharp-Editor.csproj", "{46a9e0d1-0771-c5ea-851d-2e9c9c608b62}"
EndProject
Project("{FAE04EC0-301F-11D3-BF4B-00C04F79EFBC}") = "Febucci.TextAnimator.TMP.Runtime", "Febucci.TextAnimator.TMP.Runtime.csproj", "{86adbec0-e9e7-87a0-e379-3bbb9e52c94f}"
EndProject
Project("{FAE04EC0-301F-11D3-BF4B-00C04F79EFBC}") = "Febucci.Attributes.Editor", "Febucci.Attributes.Editor.csproj", "{9b9c7431-5fcb-76a7-b07b-c9139845c1ce}"
EndProject
Project("{FAE04EC0-301F-11D3-BF4B-00C04F79EFBC}") = "Febucci.TextAnimator.Demo.Runtime", "Febucci.TextAnimator.Demo.Runtime.csproj", "{61bc1a6a-9388-a3b9-7e7b-92bb57ec4767}"
EndProject
Project("{FAE04EC0-301F-11D3-BF4B-00C04F79EFBC}") = "Polyperfect.Universal", "Polyperfect.Universal.csproj", "{034f432c-f448-946d-a7a9-d1bde253378e}"
EndProject
Project("{FAE04EC0-301F-11D3-BF4B-00C04F79EFBC}") = "Febucci.Attributes.Runtime", "Febucci.Attributes.Runtime.csproj", "{ea9ec27b-e18c-de02-6b70-e7ec948fab4e}"
EndProject
Global
	GlobalSection(SolutionConfigurationPlatforms) = preSolution
		Debug|Any CPU = Debug|Any CPU
	EndGlobalSection
	GlobalSection(ProjectConfigurationPlatforms) = postSolution
		{d93ff447-0c0a-82a0-a75d-be93a7c18343}.Debug|Any CPU.ActiveCfg = Debug|Any CPU
		{d93ff447-0c0a-82a0-a75d-be93a7c18343}.Debug|Any CPU.Build.0 = Debug|Any CPU
		{336deec0-765a-e416-56a9-1fffb5e0eab1}.Debug|Any CPU.ActiveCfg = Debug|Any CPU
		{336deec0-765a-e416-56a9-1fffb5e0eab1}.Debug|Any CPU.Build.0 = Debug|Any CPU
		{15f9074b-ad9d-03d0-a86b-6d506427b7c5}.Debug|Any CPU.ActiveCfg = Debug|Any CPU
		{15f9074b-ad9d-03d0-a86b-6d506427b7c5}.Debug|Any CPU.Build.0 = Debug|Any CPU
		{46a9e0d1-0771-c5ea-851d-2e9c9c608b62}.Debug|Any CPU.ActiveCfg = Debug|Any CPU
		{46a9e0d1-0771-c5ea-851d-2e9c9c608b62}.Debug|Any CPU.Build.0 = Debug|Any CPU
		{86adbec0-e9e7-87a0-e379-3bbb9e52c94f}.Debug|Any CPU.ActiveCfg = Debug|Any CPU
		{86adbec0-e9e7-87a0-e379-3bbb9e52c94f}.Debug|Any CPU.Build.0 = Debug|Any CPU
		{9b9c7431-5fcb-76a7-b07b-c9139845c1ce}.Debug|Any CPU.ActiveCfg = Debug|Any CPU
		{9b9c7431-5fcb-76a7-b07b-c9139845c1ce}.Debug|Any CPU.Build.0 = Debug|Any CPU
		{61bc1a6a-9388-a3b9-7e7b-92bb57ec4767}.Debug|Any CPU.ActiveCfg = Debug|Any CPU
		{61bc1a6a-9388-a3b9-7e7b-92bb57ec4767}.Debug|Any CPU.Build.0 = Debug|Any CPU
		{034f432c-f448-946d-a7a9-d1bde253378e}.Debug|Any CPU.ActiveCfg = Debug|Any CPU
		{034f432c-f448-946d-a7a9-d1bde253378e}.Debug|Any CPU.Build.0 = Debug|Any CPU
		{ea9ec27b-e18c-de02-6b70-e7ec948fab4e}.Debug|Any CPU.ActiveCfg = Debug|Any CPU
		{ea9ec27b-e18c-de02-6b70-e7ec948fab4e}.Debug|Any CPU.Build.0 = Debug|Any CPU
	EndGlobalSection
	GlobalSection(SolutionProperties) = preSolution
		HideSolutionNode = FALSE
	EndGlobalSection
EndGlobal
